
Microsoft Visual Studio Solution File, Format Version 12.00
# Visual Studio 2013
VisualStudioVersion = 12.0.31101.0
MinimumVisualStudioVersion = 10.0.40219.1
Project("{CC5FD16D-436D-48AD-A40C-5A424C6E3E79}") = "ActorWebConsole", "ActorWebConsole\ActorWebConsole.ccproj", "{B359CCF2-00CD-49D5-AA54-D4BD8C1A058C}"
EndProject
Project("{FAE04EC0-301F-11D3-BF4B-00C04F79EFBC}") = "Silo", "Silo\Silo.csproj", "{8E8E2361-F9FF-4601-BCCE-D62E64F7F2D2}"
EndProject
Project("{FAE04EC0-301F-11D3-BF4B-00C04F79EFBC}") = "ActorMetadataAttributes", "ActorMetadataAttributes\ActorMetadataAttributes.csproj", "{CCA25FA8-BB26-47DE-8C13-98931AA20315}"
EndProject
Project("{FAE04EC0-301F-11D3-BF4B-00C04F79EFBC}") = "EventJournal", "EventJournal\EventJournal.csproj", "{41735F29-2779-4DD2-8B4A-08416F107692}"
EndProject
Project("{FAE04EC0-301F-11D3-BF4B-00C04F79EFBC}") = "Console", "Console\Console.csproj", "{4E9E904C-A33E-4CC4-AA2C-5FE8F6352E66}"
EndProject
Project("{FAE04EC0-301F-11D3-BF4B-00C04F79EFBC}") = "Actor.Interfaces", "Actor.Interfaces\Actor.Interfaces.csproj", "{2A56D45F-B1EB-45A4-9781-3968D6F9B459}"
EndProject
Project("{FAE04EC0-301F-11D3-BF4B-00C04F79EFBC}") = "Actor.Implementations", "Actor.Implementations\Actor.Implementations.csproj", "{96FEC728-CFBE-4175-8D77-8D5B9AAB86A5}"
EndProject
Project("{FAE04EC0-301F-11D3-BF4B-00C04F79EFBC}") = "Common", "Common\Common.csproj", "{D6CEDFAA-4283-4A6C-87A9-E7F21B141053}"
EndProject
Global
	GlobalSection(SolutionConfigurationPlatforms) = preSolution
		Debug|Any CPU = Debug|Any CPU
		Release|Any CPU = Release|Any CPU
	EndGlobalSection
	GlobalSection(ProjectConfigurationPlatforms) = postSolution
		{B359CCF2-00CD-49D5-AA54-D4BD8C1A058C}.Debug|Any CPU.ActiveCfg = Debug|Any CPU
		{B359CCF2-00CD-49D5-AA54-D4BD8C1A058C}.Debug|Any CPU.Build.0 = Debug|Any CPU
		{B359CCF2-00CD-49D5-AA54-D4BD8C1A058C}.Release|Any CPU.ActiveCfg = Release|Any CPU
		{B359CCF2-00CD-49D5-AA54-D4BD8C1A058C}.Release|Any CPU.Build.0 = Release|Any CPU
		{8E8E2361-F9FF-4601-BCCE-D62E64F7F2D2}.Debug|Any CPU.ActiveCfg = Debug|Any CPU
		{8E8E2361-F9FF-4601-BCCE-D62E64F7F2D2}.Debug|Any CPU.Build.0 = Debug|Any CPU
		{8E8E2361-F9FF-4601-BCCE-D62E64F7F2D2}.Release|Any CPU.ActiveCfg = Release|Any CPU
		{8E8E2361-F9FF-4601-BCCE-D62E64F7F2D2}.Release|Any CPU.Build.0 = Release|Any CPU
		{CCA25FA8-BB26-47DE-8C13-98931AA20315}.Debug|Any CPU.ActiveCfg = Debug|Any CPU
		{CCA25FA8-BB26-47DE-8C13-98931AA20315}.Debug|Any CPU.Build.0 = Debug|Any CPU
		{CCA25FA8-BB26-47DE-8C13-98931AA20315}.Release|Any CPU.ActiveCfg = Release|Any CPU
		{CCA25FA8-BB26-47DE-8C13-98931AA20315}.Release|Any CPU.Build.0 = Release|Any CPU
		{41735F29-2779-4DD2-8B4A-08416F107692}.Debug|Any CPU.ActiveCfg = Debug|Any CPU
		{41735F29-2779-4DD2-8B4A-08416F107692}.Debug|Any CPU.Build.0 = Debug|Any CPU
		{41735F29-2779-4DD2-8B4A-08416F107692}.Release|Any CPU.ActiveCfg = Release|Any CPU
		{41735F29-2779-4DD2-8B4A-08416F107692}.Release|Any CPU.Build.0 = Release|Any CPU
		{4E9E904C-A33E-4CC4-AA2C-5FE8F6352E66}.Debug|Any CPU.ActiveCfg = Debug|Any CPU
		{4E9E904C-A33E-4CC4-AA2C-5FE8F6352E66}.Debug|Any CPU.Build.0 = Debug|Any CPU
		{4E9E904C-A33E-4CC4-AA2C-5FE8F6352E66}.Release|Any CPU.ActiveCfg = Release|Any CPU
		{4E9E904C-A33E-4CC4-AA2C-5FE8F6352E66}.Release|Any CPU.Build.0 = Release|Any CPU
		{2A56D45F-B1EB-45A4-9781-3968D6F9B459}.Debug|Any CPU.ActiveCfg = Debug|Any CPU
		{2A56D45F-B1EB-45A4-9781-3968D6F9B459}.Debug|Any CPU.Build.0 = Debug|Any CPU
		{2A56D45F-B1EB-45A4-9781-3968D6F9B459}.Release|Any CPU.ActiveCfg = Release|Any CPU
		{2A56D45F-B1EB-45A4-9781-3968D6F9B459}.Release|Any CPU.Build.0 = Release|Any CPU
		{96FEC728-CFBE-4175-8D77-8D5B9AAB86A5}.Debug|Any CPU.ActiveCfg = Debug|Any CPU
		{96FEC728-CFBE-4175-8D77-8D5B9AAB86A5}.Debug|Any CPU.Build.0 = Debug|Any CPU
		{96FEC728-CFBE-4175-8D77-8D5B9AAB86A5}.Release|Any CPU.ActiveCfg = Release|Any CPU
		{96FEC728-CFBE-4175-8D77-8D5B9AAB86A5}.Release|Any CPU.Build.0 = Release|Any CPU
		{D6CEDFAA-4283-4A6C-87A9-E7F21B141053}.Debug|Any CPU.ActiveCfg = Debug|Any CPU
		{D6CEDFAA-4283-4A6C-87A9-E7F21B141053}.Debug|Any CPU.Build.0 = Debug|Any CPU
		{D6CEDFAA-4283-4A6C-87A9-E7F21B141053}.Release|Any CPU.ActiveCfg = Release|Any CPU
		{D6CEDFAA-4283-4A6C-87A9-E7F21B141053}.Release|Any CPU.Build.0 = Release|Any CPU
	EndGlobalSection
	GlobalSection(SolutionProperties) = preSolution
		HideSolutionNode = FALSE
	EndGlobalSection
EndGlobal
